// !$*UTF8*$!
{
	archiveVersion = 1;
	classes = {
	};
	objectVersion = 56;
	objects = {

/* Begin PBXBuildFile section */
		D46968EE2C8106BE00F3A25F /* ChefDeliveryApp.swift in Sources */ = {isa = PBXBuildFile; fileRef = D46968ED2C8106BE00F3A25F /* ChefDeliveryApp.swift */; };
		D46968F02C8106BE00F3A25F /* ContentView.swift in Sources */ = {isa = PBXBuildFile; fileRef = D46968EF2C8106BE00F3A25F /* ContentView.swift */; };
		D46968F22C8106C000F3A25F /* Assets.xcassets in Resources */ = {isa = PBXBuildFile; fileRef = D46968F12C8106C000F3A25F /* Assets.xcassets */; };
		D46968F52C8106C000F3A25F /* Preview Assets.xcassets in Resources */ = {isa = PBXBuildFile; fileRef = D46968F42C8106C000F3A25F /* Preview Assets.xcassets */; };
		D46968FF2C8106C100F3A25F /* ChefDeliveryTests.swift in Sources */ = {isa = PBXBuildFile; fileRef = D46968FE2C8106C100F3A25F /* ChefDeliveryTests.swift */; };
		D46969092C8106C100F3A25F /* ChefDeliveryUITests.swift in Sources */ = {isa = PBXBuildFile; fileRef = D46969082C8106C100F3A25F /* ChefDeliveryUITests.swift */; };
		D469690B2C8106C100F3A25F /* ChefDeliveryUITestsLaunchTests.swift in Sources */ = {isa = PBXBuildFile; fileRef = D469690A2C8106C100F3A25F /* ChefDeliveryUITestsLaunchTests.swift */; };
		D469691C2C8108D900F3A25F /* NavigationBar.swift in Sources */ = {isa = PBXBuildFile; fileRef = D469691B2C8108D900F3A25F /* NavigationBar.swift */; };
		D46969792C810C6300F3A25F /* OrderTypeGridView.swift in Sources */ = {isa = PBXBuildFile; fileRef = D46969782C810C6300F3A25F /* OrderTypeGridView.swift */; };
		D469697C2C810ED300F3A25F /* OrderType.swift in Sources */ = {isa = PBXBuildFile; fileRef = D469697B2C810ED300F3A25F /* OrderType.swift */; };
		D469697E2C810F4A00F3A25F /* DataSourceMock.swift in Sources */ = {isa = PBXBuildFile; fileRef = D469697D2C810F4A00F3A25F /* DataSourceMock.swift */; };
		D46969802C81115400F3A25F /* OrderTypeView.swift in Sources */ = {isa = PBXBuildFile; fileRef = D469697F2C81115400F3A25F /* OrderTypeView.swift */; };
/* End PBXBuildFile section */

/* Begin PBXContainerItemProxy section */
		D46968FB2C8106C100F3A25F /* PBXContainerItemProxy */ = {
			isa = PBXContainerItemProxy;
			containerPortal = D46968E22C8106BE00F3A25F /* Project object */;
			proxyType = 1;
			remoteGlobalIDString = D46968E92C8106BE00F3A25F;
			remoteInfo = ChefDelivery;
		};
		D46969052C8106C100F3A25F /* PBXContainerItemProxy */ = {
			isa = PBXContainerItemProxy;
			containerPortal = D46968E22C8106BE00F3A25F /* Project object */;
			proxyType = 1;
			remoteGlobalIDString = D46968E92C8106BE00F3A25F;
			remoteInfo = ChefDelivery;
		};
/* End PBXContainerItemProxy section */

/* Begin PBXFileReference section */
		D46968EA2C8106BE00F3A25F /* ChefDelivery.app */ = {isa = PBXFileReference; explicitFileType = wrapper.application; includeInIndex = 0; path = ChefDelivery.app; sourceTree = BUILT_PRODUCTS_DIR; };
		D46968ED2C8106BE00F3A25F /* ChefDeliveryApp.swift */ = {isa = PBXFileReference; lastKnownFileType = sourcecode.swift; path = ChefDeliveryApp.swift; sourceTree = "<group>"; };
		D46968EF2C8106BE00F3A25F /* ContentView.swift */ = {isa = PBXFileReference; lastKnownFileType = sourcecode.swift; path = ContentView.swift; sourceTree = "<group>"; };
		D46968F12C8106C000F3A25F /* Assets.xcassets */ = {isa = PBXFileReference; lastKnownFileType = folder.assetcatalog; path = Assets.xcassets; sourceTree = "<group>"; };
		D46968F42C8106C000F3A25F /* Preview Assets.xcassets */ = {isa = PBXFileReference; lastKnownFileType = folder.assetcatalog; path = "Preview Assets.xcassets"; sourceTree = "<group>"; };
		D46968FA2C8106C100F3A25F /* ChefDeliveryTests.xctest */ = {isa = PBXFileReference; explicitFileType = wrapper.cfbundle; includeInIndex = 0; path = ChefDeliveryTests.xctest; sourceTree = BUILT_PRODUCTS_DIR; };
		D46968FE2C8106C100F3A25F /* ChefDeliveryTests.swift */ = {isa = PBXFileReference; lastKnownFileType = sourcecode.swift; path = ChefDeliveryTests.swift; sourceTree = "<group>"; };
		D46969042C8106C100F3A25F /* ChefDeliveryUITests.xctest */ = {isa = PBXFileReference; explicitFileType = wrapper.cfbundle; includeInIndex = 0; path = ChefDeliveryUITests.xctest; sourceTree = BUILT_PRODUCTS_DIR; };
		D46969082C8106C100F3A25F /* ChefDeliveryUITests.swift */ = {isa = PBXFileReference; lastKnownFileType = sourcecode.swift; path = ChefDeliveryUITests.swift; sourceTree = "<group>"; };
		D469690A2C8106C100F3A25F /* ChefDeliveryUITestsLaunchTests.swift */ = {isa = PBXFileReference; lastKnownFileType = sourcecode.swift; path = ChefDeliveryUITestsLaunchTests.swift; sourceTree = "<group>"; };
		D469691B2C8108D900F3A25F /* NavigationBar.swift */ = {isa = PBXFileReference; lastKnownFileType = sourcecode.swift; path = NavigationBar.swift; sourceTree = "<group>"; };
		D46969782C810C6300F3A25F /* OrderTypeGridView.swift */ = {isa = PBXFileReference; lastKnownFileType = sourcecode.swift; path = OrderTypeGridView.swift; sourceTree = "<group>"; };
		D469697B2C810ED300F3A25F /* OrderType.swift */ = {isa = PBXFileReference; lastKnownFileType = sourcecode.swift; path = OrderType.swift; sourceTree = "<group>"; };
		D469697D2C810F4A00F3A25F /* DataSourceMock.swift */ = {isa = PBXFileReference; lastKnownFileType = sourcecode.swift; path = DataSourceMock.swift; sourceTree = "<group>"; };
		D469697F2C81115400F3A25F /* OrderTypeView.swift */ = {isa = PBXFileReference; lastKnownFileType = sourcecode.swift; path = OrderTypeView.swift; sourceTree = "<group>"; };
/* End PBXFileReference section */

/* Begin PBXFrameworksBuildPhase section */
		D46968E72C8106BE00F3A25F /* Frameworks */ = {
			isa = PBXFrameworksBuildPhase;
			buildActionMask = 2147483647;
			files = (
			);
			runOnlyForDeploymentPostprocessing = 0;
		};
		D46968F72C8106C100F3A25F /* Frameworks */ = {
			isa = PBXFrameworksBuildPhase;
			buildActionMask = 2147483647;
			files = (
			);
			runOnlyForDeploymentPostprocessing = 0;
		};
		D46969012C8106C100F3A25F /* Frameworks */ = {
			isa = PBXFrameworksBuildPhase;
			buildActionMask = 2147483647;
			files = (
			);
			runOnlyForDeploymentPostprocessing = 0;
		};
/* End PBXFrameworksBuildPhase section */

/* Begin PBXGroup section */
		D46968E12C8106BE00F3A25F = {
			isa = PBXGroup;
			children = (
				D46968EC2C8106BE00F3A25F /* ChefDelivery */,
				D46968FD2C8106C100F3A25F /* ChefDeliveryTests */,
				D46969072C8106C100F3A25F /* ChefDeliveryUITests */,
				D46968EB2C8106BE00F3A25F /* Products */,
			);
			sourceTree = "<group>";
		};
		D46968EB2C8106BE00F3A25F /* Products */ = {
			isa = PBXGroup;
			children = (
				D46968EA2C8106BE00F3A25F /* ChefDelivery.app */,
				D46968FA2C8106C100F3A25F /* ChefDeliveryTests.xctest */,
				D46969042C8106C100F3A25F /* ChefDeliveryUITests.xctest */,
			);
			name = Products;
			sourceTree = "<group>";
		};
		D46968EC2C8106BE00F3A25F /* ChefDelivery */ = {
			isa = PBXGroup;
			children = (
				D46969182C81088200F3A25F /* app */,
				D46969772C810C4900F3A25F /* gridview */,
				D469697A2C810E8400F3A25F /* model */,
				D46969172C81086F00F3A25F /* navigationBar */,
				D46968F12C8106C000F3A25F /* Assets.xcassets */,
				D46968F32C8106C000F3A25F /* Preview Content */,
			);
			path = ChefDelivery;
			sourceTree = "<group>";
		};
		D46968F32C8106C000F3A25F /* Preview Content */ = {
			isa = PBXGroup;
			children = (
				D46968F42C8106C000F3A25F /* Preview Assets.xcassets */,
			);
			path = "Preview Content";
			sourceTree = "<group>";
		};
		D46968FD2C8106C100F3A25F /* ChefDeliveryTests */ = {
			isa = PBXGroup;
			children = (
				D46968FE2C8106C100F3A25F /* ChefDeliveryTests.swift */,
			);
			path = ChefDeliveryTests;
			sourceTree = "<group>";
		};
		D46969072C8106C100F3A25F /* ChefDeliveryUITests */ = {
			isa = PBXGroup;
			children = (
				D46969082C8106C100F3A25F /* ChefDeliveryUITests.swift */,
				D469690A2C8106C100F3A25F /* ChefDeliveryUITestsLaunchTests.swift */,
			);
			path = ChefDeliveryUITests;
			sourceTree = "<group>";
		};
		D46969172C81086F00F3A25F /* navigationBar */ = {
			isa = PBXGroup;
			children = (
				D469691B2C8108D900F3A25F /* NavigationBar.swift */,
			);
			path = navigationBar;
			sourceTree = "<group>";
		};
		D46969182C81088200F3A25F /* app */ = {
			isa = PBXGroup;
			children = (
				D46968ED2C8106BE00F3A25F /* ChefDeliveryApp.swift */,
				D46968EF2C8106BE00F3A25F /* ContentView.swift */,
			);
			path = app;
			sourceTree = "<group>";
		};
		D46969772C810C4900F3A25F /* gridview */ = {
			isa = PBXGroup;
			children = (
				D46969782C810C6300F3A25F /* OrderTypeGridView.swift */,
				D469697F2C81115400F3A25F /* OrderTypeView.swift */,
			);
			path = gridview;
			sourceTree = "<group>";
		};
		D469697A2C810E8400F3A25F /* model */ = {
			isa = PBXGroup;
			children = (
				D469697B2C810ED300F3A25F /* OrderType.swift */,
				D469697D2C810F4A00F3A25F /* DataSourceMock.swift */,
			);
			path = model;
			sourceTree = "<group>";
		};
/* End PBXGroup section */

/* Begin PBXNativeTarget section */
		D46968E92C8106BE00F3A25F /* ChefDelivery */ = {
			isa = PBXNativeTarget;
			buildConfigurationList = D469690E2C8106C100F3A25F /* Build configuration list for PBXNativeTarget "ChefDelivery" */;
			buildPhases = (
				D46968E62C8106BE00F3A25F /* Sources */,
				D46968E72C8106BE00F3A25F /* Frameworks */,
				D46968E82C8106BE00F3A25F /* Resources */,
			);
			buildRules = (
			);
			dependencies = (
			);
			name = ChefDelivery;
			productName = ChefDelivery;
			productReference = D46968EA2C8106BE00F3A25F /* ChefDelivery.app */;
			productType = "com.apple.product-type.application";
		};
		D46968F92C8106C100F3A25F /* ChefDeliveryTests */ = {
			isa = PBXNativeTarget;
			buildConfigurationList = D46969112C8106C100F3A25F /* Build configuration list for PBXNativeTarget "ChefDeliveryTests" */;
			buildPhases = (
				D46968F62C8106C100F3A25F /* Sources */,
				D46968F72C8106C100F3A25F /* Frameworks */,
				D46968F82C8106C100F3A25F /* Resources */,
			);
			buildRules = (
			);
			dependencies = (
				D46968FC2C8106C100F3A25F /* PBXTargetDependency */,
			);
			name = ChefDeliveryTests;
			productName = ChefDeliveryTests;
			productReference = D46968FA2C8106C100F3A25F /* ChefDeliveryTests.xctest */;
			productType = "com.apple.product-type.bundle.unit-test";
		};
		D46969032C8106C100F3A25F /* ChefDeliveryUITests */ = {
			isa = PBXNativeTarget;
			buildConfigurationList = D46969142C8106C100F3A25F /* Build configuration list for PBXNativeTarget "ChefDeliveryUITests" */;
			buildPhases = (
				D46969002C8106C100F3A25F /* Sources */,
				D46969012C8106C100F3A25F /* Frameworks */,
				D46969022C8106C100F3A25F /* Resources */,
			);
			buildRules = (
			);
			dependencies = (
				D46969062C8106C100F3A25F /* PBXTargetDependency */,
			);
			name = ChefDeliveryUITests;
			productName = ChefDeliveryUITests;
			productReference = D46969042C8106C100F3A25F /* ChefDeliveryUITests.xctest */;
			productType = "com.apple.product-type.bundle.ui-testing";
		};
/* End PBXNativeTarget section */

/* Begin PBXProject section */
		D46968E22C8106BE00F3A25F /* Project object */ = {
			isa = PBXProject;
			attributes = {
				BuildIndependentTargetsInParallel = 1;
				LastSwiftUpdateCheck = 1540;
				LastUpgradeCheck = 1540;
				TargetAttributes = {
					D46968E92C8106BE00F3A25F = {
						CreatedOnToolsVersion = 15.4;
					};
					D46968F92C8106C100F3A25F = {
						CreatedOnToolsVersion = 15.4;
						TestTargetID = D46968E92C8106BE00F3A25F;
					};
					D46969032C8106C100F3A25F = {
						CreatedOnToolsVersion = 15.4;
						TestTargetID = D46968E92C8106BE00F3A25F;
					};
				};
			};
			buildConfigurationList = D46968E52C8106BE00F3A25F /* Build configuration list for PBXProject "ChefDelivery" */;
			compatibilityVersion = "Xcode 14.0";
			developmentRegion = en;
			hasScannedForEncodings = 0;
			knownRegions = (
				en,
				Base,
			);
			mainGroup = D46968E12C8106BE00F3A25F;
			productRefGroup = D46968EB2C8106BE00F3A25F /* Products */;
			projectDirPath = "";
			projectRoot = "";
			targets = (
				D46968E92C8106BE00F3A25F /* ChefDelivery */,
				D46968F92C8106C100F3A25F /* ChefDeliveryTests */,
				D46969032C8106C100F3A25F /* ChefDeliveryUITests */,
			);
		};
/* End PBXProject section */

/* Begin PBXResourcesBuildPhase section */
		D46968E82C8106BE00F3A25F /* Resources */ = {
			isa = PBXResourcesBuildPhase;
			buildActionMask = 2147483647;
			files = (
				D46968F52C8106C000F3A25F /* Preview Assets.xcassets in Resources */,
				D46968F22C8106C000F3A25F /* Assets.xcassets in Resources */,
			);
			runOnlyForDeploymentPostprocessing = 0;
		};
		D46968F82C8106C100F3A25F /* Resources */ = {
			isa = PBXResourcesBuildPhase;
			buildActionMask = 2147483647;
			files = (
			);
			runOnlyForDeploymentPostprocessing = 0;
		};
		D46969022C8106C100F3A25F /* Resources */ = {
			isa = PBXResourcesBuildPhase;
			buildActionMask = 2147483647;
			files = (
			);
			runOnlyForDeploymentPostprocessing = 0;
		};
/* End PBXResourcesBuildPhase section */

/* Begin PBXSourcesBuildPhase section */
		D46968E62C8106BE00F3A25F /* Sources */ = {
			isa = PBXSourcesBuildPhase;
			buildActionMask = 2147483647;
			files = (
				D469697C2C810ED300F3A25F /* OrderType.swift in Sources */,
				D46968F02C8106BE00F3A25F /* ContentView.swift in Sources */,
				D469697E2C810F4A00F3A25F /* DataSourceMock.swift in Sources */,
				D46969802C81115400F3A25F /* OrderTypeView.swift in Sources */,
				D46969792C810C6300F3A25F /* OrderTypeGridView.swift in Sources */,
				D46968EE2C8106BE00F3A25F /* ChefDeliveryApp.swift in Sources */,
				D469691C2C8108D900F3A25F /* NavigationBar.swift in Sources */,
			);
			runOnlyForDeploymentPostprocessing = 0;
		};
		D46968F62C8106C100F3A25F /* Sources */ = {
			isa = PBXSourcesBuildPhase;
			buildActionMask = 2147483647;
			files = (
				D46968FF2C8106C100F3A25F /* ChefDeliveryTests.swift in Sources */,
			);
			runOnlyForDeploymentPostprocessing = 0;
		};
		D46969002C8106C100F3A25F /* Sources */ = {
			isa = PBXSourcesBuildPhase;
			buildActionMask = 2147483647;
			files = (
				D469690B2C8106C100F3A25F /* ChefDeliveryUITestsLaunchTests.swift in Sources */,
				D46969092C8106C100F3A25F /* ChefDeliveryUITests.swift in Sources */,
			);
			runOnlyForDeploymentPostprocessing = 0;
		};
/* End PBXSourcesBuildPhase section */

/* Begin PBXTargetDependency section */
		D46968FC2C8106C100F3A25F /* PBXTargetDependency */ = {
			isa = PBXTargetDependency;
			target = D46968E92C8106BE00F3A25F /* ChefDelivery */;
			targetProxy = D46968FB2C8106C100F3A25F /* PBXContainerItemProxy */;
		};
		D46969062C8106C100F3A25F /* PBXTargetDependency */ = {
			isa = PBXTargetDependency;
			target = D46968E92C8106BE00F3A25F /* ChefDelivery */;
			targetProxy = D46969052C8106C100F3A25F /* PBXContainerItemProxy */;
		};
/* End PBXTargetDependency section */

/* Begin XCBuildConfiguration section */
		D469690C2C8106C100F3A25F /* Debug */ = {
			isa = XCBuildConfiguration;
			buildSettings = {
				ALWAYS_SEARCH_USER_PATHS = NO;
				ASSETCATALOG_COMPILER_GENERATE_SWIFT_ASSET_SYMBOL_EXTENSIONS = YES;
				CLANG_ANALYZER_NONNULL = YES;
				CLANG_ANALYZER_NUMBER_OBJECT_CONVERSION = YES_AGGRESSIVE;
				CLANG_CXX_LANGUAGE_STANDARD = "gnu++20";
				CLANG_ENABLE_MODULES = YES;
				CLANG_ENABLE_OBJC_ARC = YES;
				CLANG_ENABLE_OBJC_WEAK = YES;
				CLANG_WARN_BLOCK_CAPTURE_AUTORELEASING = YES;
				CLANG_WARN_BOOL_CONVERSION = YES;
				CLANG_WARN_COMMA = YES;
				CLANG_WARN_CONSTANT_CONVERSION = YES;
				CLANG_WARN_DEPRECATED_OBJC_IMPLEMENTATIONS = YES;
				CLANG_WARN_DIRECT_OBJC_ISA_USAGE = YES_ERROR;
				CLANG_WARN_DOCUMENTATION_COMMENTS = YES;
				CLANG_WARN_EMPTY_BODY = YES;
				CLANG_WARN_ENUM_CONVERSION = YES;
				CLANG_WARN_INFINITE_RECURSION = YES;
				CLANG_WARN_INT_CONVERSION = YES;
				CLANG_WARN_NON_LITERAL_NULL_CONVERSION = YES;
				CLANG_WARN_OBJC_IMPLICIT_RETAIN_SELF = YES;
				CLANG_WARN_OBJC_LITERAL_CONVERSION = YES;
				CLANG_WARN_OBJC_ROOT_CLASS = YES_ERROR;
				CLANG_WARN_QUOTED_INCLUDE_IN_FRAMEWORK_HEADER = YES;
				CLANG_WARN_RANGE_LOOP_ANALYSIS = YES;
				CLANG_WARN_STRICT_PROTOTYPES = YES;
				CLANG_WARN_SUSPICIOUS_MOVE = YES;
				CLANG_WARN_UNGUARDED_AVAILABILITY = YES_AGGRESSIVE;
				CLANG_WARN_UNREACHABLE_CODE = YES;
				CLANG_WARN__DUPLICATE_METHOD_MATCH = YES;
				COPY_PHASE_STRIP = NO;
				DEBUG_INFORMATION_FORMAT = dwarf;
				ENABLE_STRICT_OBJC_MSGSEND = YES;
				ENABLE_TESTABILITY = YES;
				ENABLE_USER_SCRIPT_SANDBOXING = YES;
				GCC_C_LANGUAGE_STANDARD = gnu17;
				GCC_DYNAMIC_NO_PIC = NO;
				GCC_NO_COMMON_BLOCKS = YES;
				GCC_OPTIMIZATION_LEVEL = 0;
				GCC_PREPROCESSOR_DEFINITIONS = (
					"DEBUG=1",
					"$(inherited)",
				);
				GCC_WARN_64_TO_32_BIT_CONVERSION = YES;
				GCC_WARN_ABOUT_RETURN_TYPE = YES_ERROR;
				GCC_WARN_UNDECLARED_SELECTOR = YES;
				GCC_WARN_UNINITIALIZED_AUTOS = YES_AGGRESSIVE;
				GCC_WARN_UNUSED_FUNCTION = YES;
				GCC_WARN_UNUSED_VARIABLE = YES;
				IPHONEOS_DEPLOYMENT_TARGET = 17.5;
				LOCALIZATION_PREFERS_STRING_CATALOGS = YES;
				MTL_ENABLE_DEBUG_INFO = INCLUDE_SOURCE;
				MTL_FAST_MATH = YES;
				ONLY_ACTIVE_ARCH = YES;
				SDKROOT = iphoneos;
				SWIFT_ACTIVE_COMPILATION_CONDITIONS = "DEBUG $(inherited)";
				SWIFT_OPTIMIZATION_LEVEL = "-Onone";
			};
			name = Debug;
		};
		D469690D2C8106C100F3A25F /* Release */ = {
			isa = XCBuildConfiguration;
			buildSettings = {
				ALWAYS_SEARCH_USER_PATHS = NO;
				ASSETCATALOG_COMPILER_GENERATE_SWIFT_ASSET_SYMBOL_EXTENSIONS = YES;
				CLANG_ANALYZER_NONNULL = YES;
				CLANG_ANALYZER_NUMBER_OBJECT_CONVERSION = YES_AGGRESSIVE;
				CLANG_CXX_LANGUAGE_STANDARD = "gnu++20";
				CLANG_ENABLE_MODULES = YES;
				CLANG_ENABLE_OBJC_ARC = YES;
				CLANG_ENABLE_OBJC_WEAK = YES;
				CLANG_WARN_BLOCK_CAPTURE_AUTORELEASING = YES;
				CLANG_WARN_BOOL_CONVERSION = YES;
				CLANG_WARN_COMMA = YES;
				CLANG_WARN_CONSTANT_CONVERSION = YES;
				CLANG_WARN_DEPRECATED_OBJC_IMPLEMENTATIONS = YES;
				CLANG_WARN_DIRECT_OBJC_ISA_USAGE = YES_ERROR;
				CLANG_WARN_DOCUMENTATION_COMMENTS = YES;
				CLANG_WARN_EMPTY_BODY = YES;
				CLANG_WARN_ENUM_CONVERSION = YES;
				CLANG_WARN_INFINITE_RECURSION = YES;
				CLANG_WARN_INT_CONVERSION = YES;
				CLANG_WARN_NON_LITERAL_NULL_CONVERSION = YES;
				CLANG_WARN_OBJC_IMPLICIT_RETAIN_SELF = YES;
				CLANG_WARN_OBJC_LITERAL_CONVERSION = YES;
				CLANG_WARN_OBJC_ROOT_CLASS = YES_ERROR;
				CLANG_WARN_QUOTED_INCLUDE_IN_FRAMEWORK_HEADER = YES;
				CLANG_WARN_RANGE_LOOP_ANALYSIS = YES;
				CLANG_WARN_STRICT_PROTOTYPES = YES;
				CLANG_WARN_SUSPICIOUS_MOVE = YES;
				CLANG_WARN_UNGUARDED_AVAILABILITY = YES_AGGRESSIVE;
				CLANG_WARN_UNREACHABLE_CODE = YES;
				CLANG_WARN__DUPLICATE_METHOD_MATCH = YES;
				COPY_PHASE_STRIP = NO;
				DEBUG_INFORMATION_FORMAT = "dwarf-with-dsym";
				ENABLE_NS_ASSERTIONS = NO;
				ENABLE_STRICT_OBJC_MSGSEND = YES;
				ENABLE_USER_SCRIPT_SANDBOXING = YES;
				GCC_C_LANGUAGE_STANDARD = gnu17;
				GCC_NO_COMMON_BLOCKS = YES;
				GCC_WARN_64_TO_32_BIT_CONVERSION = YES;
				GCC_WARN_ABOUT_RETURN_TYPE = YES_ERROR;
				GCC_WARN_UNDECLARED_SELECTOR = YES;
				GCC_WARN_UNINITIALIZED_AUTOS = YES_AGGRESSIVE;
				GCC_WARN_UNUSED_FUNCTION = YES;
				GCC_WARN_UNUSED_VARIABLE = YES;
				IPHONEOS_DEPLOYMENT_TARGET = 17.5;
				LOCALIZATION_PREFERS_STRING_CATALOGS = YES;
				MTL_ENABLE_DEBUG_INFO = NO;
				MTL_FAST_MATH = YES;
				SDKROOT = iphoneos;
				SWIFT_COMPILATION_MODE = wholemodule;
				VALIDATE_PRODUCT = YES;
			};
			name = Release;
		};
		D469690F2C8106C100F3A25F /* Debug */ = {
			isa = XCBuildConfiguration;
			buildSettings = {
				ASSETCATALOG_COMPILER_APPICON_NAME = AppIcon;
				ASSETCATALOG_COMPILER_GLOBAL_ACCENT_COLOR_NAME = AccentColor;
				CODE_SIGN_STYLE = Automatic;
				CURRENT_PROJECT_VERSION = 1;
				DEVELOPMENT_ASSET_PATHS = "\"ChefDelivery/Preview Content\"";
				ENABLE_PREVIEWS = YES;
				GENERATE_INFOPLIST_FILE = YES;
				INFOPLIST_KEY_UIApplicationSceneManifest_Generation = YES;
				INFOPLIST_KEY_UIApplicationSupportsIndirectInputEvents = YES;
				INFOPLIST_KEY_UILaunchScreen_Generation = YES;
				INFOPLIST_KEY_UISupportedInterfaceOrientations_iPad = "UIInterfaceOrientationPortrait UIInterfaceOrientationPortraitUpsideDown UIInterfaceOrientationLandscapeLeft UIInterfaceOrientationLandscapeRight";
				INFOPLIST_KEY_UISupportedInterfaceOrientations_iPhone = "UIInterfaceOrientationPortrait UIInterfaceOrientationLandscapeLeft UIInterfaceOrientationLandscapeRight";
				LD_RUNPATH_SEARCH_PATHS = (
					"$(inherited)",
					"@executable_path/Frameworks",
				);
				MARKETING_VERSION = 1.0;
				PRODUCT_BUNDLE_IDENTIFIER = br.com.chefdelivery.ChefDelivery;
				PRODUCT_NAME = "$(TARGET_NAME)";
				SWIFT_EMIT_LOC_STRINGS = YES;
				SWIFT_VERSION = 5.0;
				TARGETED_DEVICE_FAMILY = "1,2";
			};
			name = Debug;
		};
		D46969102C8106C100F3A25F /* Release */ = {
			isa = XCBuildConfiguration;
			buildSettings = {
				ASSETCATALOG_COMPILER_APPICON_NAME = AppIcon;
				ASSETCATALOG_COMPILER_GLOBAL_ACCENT_COLOR_NAME = AccentColor;
				CODE_SIGN_STYLE = Automatic;
				CURRENT_PROJECT_VERSION = 1;
				DEVELOPMENT_ASSET_PATHS = "\"ChefDelivery/Preview Content\"";
				ENABLE_PREVIEWS = YES;
				GENERATE_INFOPLIST_FILE = YES;
				INFOPLIST_KEY_UIApplicationSceneManifest_Generation = YES;
				INFOPLIST_KEY_UIApplicationSupportsIndirectInputEvents = YES;
				INFOPLIST_KEY_UILaunchScreen_Generation = YES;
				INFOPLIST_KEY_UISupportedInterfaceOrientations_iPad = "UIInterfaceOrientationPortrait UIInterfaceOrientationPortraitUpsideDown UIInterfaceOrientationLandscapeLeft UIInterfaceOrientationLandscapeRight";
				INFOPLIST_KEY_UISupportedInterfaceOrientations_iPhone = "UIInterfaceOrientationPortrait UIInterfaceOrientationLandscapeLeft UIInterfaceOrientationLandscapeRight";
				LD_RUNPATH_SEARCH_PATHS = (
					"$(inherited)",
					"@executable_path/Frameworks",
				);
				MARKETING_VERSION = 1.0;
				PRODUCT_BUNDLE_IDENTIFIER = br.com.chefdelivery.ChefDelivery;
				PRODUCT_NAME = "$(TARGET_NAME)";
				SWIFT_EMIT_LOC_STRINGS = YES;
				SWIFT_VERSION = 5.0;
				TARGETED_DEVICE_FAMILY = "1,2";
			};
			name = Release;
		};
		D46969122C8106C100F3A25F /* Debug */ = {
			isa = XCBuildConfiguration;
			buildSettings = {
				ALWAYS_EMBED_SWIFT_STANDARD_LIBRARIES = YES;
				BUNDLE_LOADER = "$(TEST_HOST)";
				CODE_SIGN_STYLE = Automatic;
				CURRENT_PROJECT_VERSION = 1;
				GENERATE_INFOPLIST_FILE = YES;
				IPHONEOS_DEPLOYMENT_TARGET = 17.5;
				MARKETING_VERSION = 1.0;
				PRODUCT_BUNDLE_IDENTIFIER = br.com.chefdelivery.ChefDeliveryTests;
				PRODUCT_NAME = "$(TARGET_NAME)";
				SWIFT_EMIT_LOC_STRINGS = NO;
				SWIFT_VERSION = 5.0;
				TARGETED_DEVICE_FAMILY = "1,2";
				TEST_HOST = "$(BUILT_PRODUCTS_DIR)/ChefDelivery.app/$(BUNDLE_EXECUTABLE_FOLDER_PATH)/ChefDelivery";
			};
			name = Debug;
		};
		D46969132C8106C100F3A25F /* Release */ = {
			isa = XCBuildConfiguration;
			buildSettings = {
				ALWAYS_EMBED_SWIFT_STANDARD_LIBRARIES = YES;
				BUNDLE_LOADER = "$(TEST_HOST)";
				CODE_SIGN_STYLE = Automatic;
				CURRENT_PROJECT_VERSION = 1;
				GENERATE_INFOPLIST_FILE = YES;
				IPHONEOS_DEPLOYMENT_TARGET = 17.5;
				MARKETING_VERSION = 1.0;
				PRODUCT_BUNDLE_IDENTIFIER = br.com.chefdelivery.ChefDeliveryTests;
				PRODUCT_NAME = "$(TARGET_NAME)";
				SWIFT_EMIT_LOC_STRINGS = NO;
				SWIFT_VERSION = 5.0;
				TARGETED_DEVICE_FAMILY = "1,2";
				TEST_HOST = "$(BUILT_PRODUCTS_DIR)/ChefDelivery.app/$(BUNDLE_EXECUTABLE_FOLDER_PATH)/ChefDelivery";
			};
			name = Release;
		};
		D46969152C8106C100F3A25F /* Debug */ = {
			isa = XCBuildConfiguration;
			buildSettings = {
				ALWAYS_EMBED_SWIFT_STANDARD_LIBRARIES = YES;
				CODE_SIGN_STYLE = Automatic;
				CURRENT_PROJECT_VERSION = 1;
				GENERATE_INFOPLIST_FILE = YES;
				MARKETING_VERSION = 1.0;
				PRODUCT_BUNDLE_IDENTIFIER = br.com.chefdelivery.ChefDeliveryUITests;
				PRODUCT_NAME = "$(TARGET_NAME)";
				SWIFT_EMIT_LOC_STRINGS = NO;
				SWIFT_VERSION = 5.0;
				TARGETED_DEVICE_FAMILY = "1,2";
				TEST_TARGET_NAME = ChefDelivery;
			};
			name = Debug;
		};
		D46969162C8106C100F3A25F /* Release */ = {
			isa = XCBuildConfiguration;
			buildSettings = {
				ALWAYS_EMBED_SWIFT_STANDARD_LIBRARIES = YES;
				CODE_SIGN_STYLE = Automatic;
				CURRENT_PROJECT_VERSION = 1;
				GENERATE_INFOPLIST_FILE = YES;
				MARKETING_VERSION = 1.0;
				PRODUCT_BUNDLE_IDENTIFIER = br.com.chefdelivery.ChefDeliveryUITests;
				PRODUCT_NAME = "$(TARGET_NAME)";
				SWIFT_EMIT_LOC_STRINGS = NO;
				SWIFT_VERSION = 5.0;
				TARGETED_DEVICE_FAMILY = "1,2";
				TEST_TARGET_NAME = ChefDelivery;
			};
			name = Release;
		};
/* End XCBuildConfiguration section */

/* Begin XCConfigurationList section */
		D46968E52C8106BE00F3A25F /* Build configuration list for PBXProject "ChefDelivery" */ = {
			isa = XCConfigurationList;
			buildConfigurations = (
				D469690C2C8106C100F3A25F /* Debug */,
				D469690D2C8106C100F3A25F /* Release */,
			);
			defaultConfigurationIsVisible = 0;
			defaultConfigurationName = Release;
		};
		D469690E2C8106C100F3A25F /* Build configuration list for PBXNativeTarget "ChefDelivery" */ = {
			isa = XCConfigurationList;
			buildConfigurations = (
				D469690F2C8106C100F3A25F /* Debug */,
				D46969102C8106C100F3A25F /* Release */,
			);
			defaultConfigurationIsVisible = 0;
			defaultConfigurationName = Release;
		};
		D46969112C8106C100F3A25F /* Build configuration list for PBXNativeTarget "ChefDeliveryTests" */ = {
			isa = XCConfigurationList;
			buildConfigurations = (
				D46969122C8106C100F3A25F /* Debug */,
				D46969132C8106C100F3A25F /* Release */,
			);
			defaultConfigurationIsVisible = 0;
			defaultConfigurationName = Release;
		};
		D46969142C8106C100F3A25F /* Build configuration list for PBXNativeTarget "ChefDeliveryUITests" */ = {
			isa = XCConfigurationList;
			buildConfigurations = (
				D46969152C8106C100F3A25F /* Debug */,
				D46969162C8106C100F3A25F /* Release */,
			);
			defaultConfigurationIsVisible = 0;
			defaultConfigurationName = Release;
		};
/* End XCConfigurationList section */
	};
	rootObject = D46968E22C8106BE00F3A25F /* Project object */;
}
